
Microsoft Visual Studio Solution File, Format Version 12.00
# Visual Studio Version 17
VisualStudioVersion = 17.0.31903.59
MinimumVisualStudioVersion = 10.0.40219.1
Project("{9A19103F-16F7-4668-BE54-9A1E7A4F7556}") = "Day4", "Day4\Day4.csproj", "{5AE6914F-832F-4FDB-8E4F-D6CC20EE3344}"
EndProject
Project("{9A19103F-16F7-4668-BE54-9A1E7A4F7556}") = "Day1", "Day1\Day1.csproj", "{93CF6FC9-1CA9-4B61-AC43-E4D6C1E9FD16}"
EndProject
Project("{9A19103F-16F7-4668-BE54-9A1E7A4F7556}") = "Day2", "Day2\Day2.csproj", "{5A265E0A-1596-41F9-A414-D0E255ADEC15}"
EndProject
Project("{9A19103F-16F7-4668-BE54-9A1E7A4F7556}") = "Day3", "Day3\Day3.csproj", "{0EEEADC6-A495-4098-873F-D3D2C214B4E3}"
EndProject
Project("{9A19103F-16F7-4668-BE54-9A1E7A4F7556}") = "Day5", "Day5\Day5.csproj", "{421B59E1-4CE3-4A8E-9D39-24F753EB2854}"
EndProject
Project("{9A19103F-16F7-4668-BE54-9A1E7A4F7556}") = "Day6", "Day6\Day6.csproj", "{269EA27D-FA47-4A15-A693-C9E759AF42C1}"
EndProject
Project("{9A19103F-16F7-4668-BE54-9A1E7A4F7556}") = "Day7", "Day7\Day7.csproj", "{D4C44864-EB0F-4CB3-B494-E5F3251FAF01}"
EndProject
Project("{9A19103F-16F7-4668-BE54-9A1E7A4F7556}") = "Day8", "Day8\Day8.csproj", "{1ABE2A10-F046-4115-B21B-A7BA34D68DD7}"
EndProject
Project("{FAE04EC0-301F-11D3-BF4B-00C04F79EFBC}") = "Day9", "Day9\Day9.csproj", "{CA819A42-71BD-450A-89FD-49DA62C16C93}"
EndProject
Global
	GlobalSection(SolutionConfigurationPlatforms) = preSolution
		Debug|Any CPU = Debug|Any CPU
		Release|Any CPU = Release|Any CPU
	EndGlobalSection
	GlobalSection(ProjectConfigurationPlatforms) = postSolution
		{5AE6914F-832F-4FDB-8E4F-D6CC20EE3344}.Debug|Any CPU.ActiveCfg = Debug|Any CPU
		{5AE6914F-832F-4FDB-8E4F-D6CC20EE3344}.Debug|Any CPU.Build.0 = Debug|Any CPU
		{5AE6914F-832F-4FDB-8E4F-D6CC20EE3344}.Release|Any CPU.ActiveCfg = Release|Any CPU
		{5AE6914F-832F-4FDB-8E4F-D6CC20EE3344}.Release|Any CPU.Build.0 = Release|Any CPU
		{93CF6FC9-1CA9-4B61-AC43-E4D6C1E9FD16}.Debug|Any CPU.ActiveCfg = Debug|Any CPU
		{93CF6FC9-1CA9-4B61-AC43-E4D6C1E9FD16}.Debug|Any CPU.Build.0 = Debug|Any CPU
		{93CF6FC9-1CA9-4B61-AC43-E4D6C1E9FD16}.Release|Any CPU.ActiveCfg = Release|Any CPU
		{93CF6FC9-1CA9-4B61-AC43-E4D6C1E9FD16}.Release|Any CPU.Build.0 = Release|Any CPU
		{5A265E0A-1596-41F9-A414-D0E255ADEC15}.Debug|Any CPU.ActiveCfg = Debug|Any CPU
		{5A265E0A-1596-41F9-A414-D0E255ADEC15}.Debug|Any CPU.Build.0 = Debug|Any CPU
		{5A265E0A-1596-41F9-A414-D0E255ADEC15}.Release|Any CPU.ActiveCfg = Release|Any CPU
		{5A265E0A-1596-41F9-A414-D0E255ADEC15}.Release|Any CPU.Build.0 = Release|Any CPU
		{0EEEADC6-A495-4098-873F-D3D2C214B4E3}.Debug|Any CPU.ActiveCfg = Debug|Any CPU
		{0EEEADC6-A495-4098-873F-D3D2C214B4E3}.Debug|Any CPU.Build.0 = Debug|Any CPU
		{0EEEADC6-A495-4098-873F-D3D2C214B4E3}.Release|Any CPU.ActiveCfg = Release|Any CPU
		{0EEEADC6-A495-4098-873F-D3D2C214B4E3}.Release|Any CPU.Build.0 = Release|Any CPU
		{421B59E1-4CE3-4A8E-9D39-24F753EB2854}.Debug|Any CPU.ActiveCfg = Debug|Any CPU
		{421B59E1-4CE3-4A8E-9D39-24F753EB2854}.Debug|Any CPU.Build.0 = Debug|Any CPU
		{421B59E1-4CE3-4A8E-9D39-24F753EB2854}.Release|Any CPU.ActiveCfg = Release|Any CPU
		{421B59E1-4CE3-4A8E-9D39-24F753EB2854}.Release|Any CPU.Build.0 = Release|Any CPU
		{269EA27D-FA47-4A15-A693-C9E759AF42C1}.Debug|Any CPU.ActiveCfg = Debug|Any CPU
		{269EA27D-FA47-4A15-A693-C9E759AF42C1}.Debug|Any CPU.Build.0 = Debug|Any CPU
		{269EA27D-FA47-4A15-A693-C9E759AF42C1}.Release|Any CPU.ActiveCfg = Release|Any CPU
		{269EA27D-FA47-4A15-A693-C9E759AF42C1}.Release|Any CPU.Build.0 = Release|Any CPU
		{D4C44864-EB0F-4CB3-B494-E5F3251FAF01}.Debug|Any CPU.ActiveCfg = Debug|Any CPU
		{D4C44864-EB0F-4CB3-B494-E5F3251FAF01}.Debug|Any CPU.Build.0 = Debug|Any CPU
		{D4C44864-EB0F-4CB3-B494-E5F3251FAF01}.Release|Any CPU.ActiveCfg = Release|Any CPU
		{D4C44864-EB0F-4CB3-B494-E5F3251FAF01}.Release|Any CPU.Build.0 = Release|Any CPU
		{1ABE2A10-F046-4115-B21B-A7BA34D68DD7}.Debug|Any CPU.ActiveCfg = Debug|Any CPU
		{1ABE2A10-F046-4115-B21B-A7BA34D68DD7}.Debug|Any CPU.Build.0 = Debug|Any CPU
		{1ABE2A10-F046-4115-B21B-A7BA34D68DD7}.Release|Any CPU.ActiveCfg = Release|Any CPU
		{1ABE2A10-F046-4115-B21B-A7BA34D68DD7}.Release|Any CPU.Build.0 = Release|Any CPU
		{CA819A42-71BD-450A-89FD-49DA62C16C93}.Debug|Any CPU.ActiveCfg = Debug|Any CPU
		{CA819A42-71BD-450A-89FD-49DA62C16C93}.Debug|Any CPU.Build.0 = Debug|Any CPU
		{CA819A42-71BD-450A-89FD-49DA62C16C93}.Release|Any CPU.ActiveCfg = Release|Any CPU
		{CA819A42-71BD-450A-89FD-49DA62C16C93}.Release|Any CPU.Build.0 = Release|Any CPU
	EndGlobalSection
	GlobalSection(SolutionProperties) = preSolution
		HideSolutionNode = FALSE
	EndGlobalSection
	GlobalSection(ExtensibilityGlobals) = postSolution
		SolutionGuid = {C78ED0D5-EAFD-41E5-B9E3-C8C34CF704F9}
	EndGlobalSection
EndGlobal
